
Microsoft Visual Studio Solution File, Format Version 12.00
# Visual Studio Version 16
VisualStudioVersion = 16.0.29613.14
MinimumVisualStudioVersion = 10.0.40219.1
Project("{FAE04EC0-301F-11D3-BF4B-00C04F79EFBC}") = "Capcha", "Capcha\Capcha.csproj", "{7AA971E7-D7F7-4148-A492-9F54812B4768}"
EndProject
Global
	GlobalSection(SolutionConfigurationPlatforms) = preSolution
		Debug|Any CPU = Debug|Any CPU
		Release|Any CPU = Release|Any CPU
	EndGlobalSection
	GlobalSection(ProjectConfigurationPlatforms) = postSolution
		{7AA971E7-D7F7-4148-A492-9F54812B4768}.Debug|Any CPU.ActiveCfg = Debug|Any CPU
		{7AA971E7-D7F7-4148-A492-9F54812B4768}.Debug|Any CPU.Build.0 = Debug|Any CPU
		{7AA971E7-D7F7-4148-A492-9F54812B4768}.Release|Any CPU.ActiveCfg = Release|Any CPU
		{7AA971E7-D7F7-4148-A492-9F54812B4768}.Release|Any CPU.Build.0 = Release|Any CPU
	EndGlobalSection
	GlobalSection(SolutionProperties) = preSolution
		HideSolutionNode = FALSE
	EndGlobalSection
	GlobalSection(ExtensibilityGlobals) = postSolution
		SolutionGuid = {D7EDADCD-853C-4F15-83F6-53746E6BBA18}
	EndGlobalSection
EndGlobal
